
Microsoft Visual Studio Solution File, Format Version 12.00
# Visual Studio Version 17
VisualStudioVersion = 17.5.33516.290
MinimumVisualStudioVersion = 10.0.40219.1
Project("{FAE04EC0-301F-11D3-BF4B-00C04F79EFBC}") = "ITES_App.Android", "ITES_App.Android\ITES_App.Android.csproj", "{9DDA6E46-EA1F-4E92-92E9-C211685C0B5F}"
EndProject
Project("{FAE04EC0-301F-11D3-BF4B-00C04F79EFBC}") = "ITES_App.iOS", "ITES_App.iOS\ITES_App.iOS.csproj", "{0D693C09-6F25-47C4-A4CA-6990D1CF3D58}"
EndProject
Project("{FAE04EC0-301F-11D3-BF4B-00C04F79EFBC}") = "ITES_App", "ITES_App\ITES_App.csproj", "{EB0670CA-6168-4512-9DA1-FBDA653FCA2C}"
EndProject
Global
	GlobalSection(SolutionConfigurationPlatforms) = preSolution
		Debug|Any CPU = Debug|Any CPU
		Debug|iPhone = Debug|iPhone
		Debug|iPhoneSimulator = Debug|iPhoneSimulator
		Release|Any CPU = Release|Any CPU
		Release|iPhone = Release|iPhone
		Release|iPhoneSimulator = Release|iPhoneSimulator
	EndGlobalSection
	GlobalSection(ProjectConfigurationPlatforms) = postSolution
		{9DDA6E46-EA1F-4E92-92E9-C211685C0B5F}.Debug|Any CPU.ActiveCfg = Debug|Any CPU
		{9DDA6E46-EA1F-4E92-92E9-C211685C0B5F}.Debug|Any CPU.Build.0 = Debug|Any CPU
		{9DDA6E46-EA1F-4E92-92E9-C211685C0B5F}.Debug|Any CPU.Deploy.0 = Debug|Any CPU
		{9DDA6E46-EA1F-4E92-92E9-C211685C0B5F}.Debug|iPhone.ActiveCfg = Debug|Any CPU
		{9DDA6E46-EA1F-4E92-92E9-C211685C0B5F}.Debug|iPhone.Build.0 = Debug|Any CPU
		{9DDA6E46-EA1F-4E92-92E9-C211685C0B5F}.Debug|iPhone.Deploy.0 = Debug|Any CPU
		{9DDA6E46-EA1F-4E92-92E9-C211685C0B5F}.Debug|iPhoneSimulator.ActiveCfg = Debug|Any CPU
		{9DDA6E46-EA1F-4E92-92E9-C211685C0B5F}.Debug|iPhoneSimulator.Build.0 = Debug|Any CPU
		{9DDA6E46-EA1F-4E92-92E9-C211685C0B5F}.Debug|iPhoneSimulator.Deploy.0 = Debug|Any CPU
		{9DDA6E46-EA1F-4E92-92E9-C211685C0B5F}.Release|Any CPU.ActiveCfg = Release|Any CPU
		{9DDA6E46-EA1F-4E92-92E9-C211685C0B5F}.Release|Any CPU.Build.0 = Release|Any CPU
		{9DDA6E46-EA1F-4E92-92E9-C211685C0B5F}.Release|Any CPU.Deploy.0 = Release|Any CPU
		{9DDA6E46-EA1F-4E92-92E9-C211685C0B5F}.Release|iPhone.ActiveCfg = Release|Any CPU
		{9DDA6E46-EA1F-4E92-92E9-C211685C0B5F}.Release|iPhone.Build.0 = Release|Any CPU
		{9DDA6E46-EA1F-4E92-92E9-C211685C0B5F}.Release|iPhone.Deploy.0 = Release|Any CPU
		{9DDA6E46-EA1F-4E92-92E9-C211685C0B5F}.Release|iPhoneSimulator.ActiveCfg = Release|Any CPU
		{9DDA6E46-EA1F-4E92-92E9-C211685C0B5F}.Release|iPhoneSimulator.Build.0 = Release|Any CPU
		{9DDA6E46-EA1F-4E92-92E9-C211685C0B5F}.Release|iPhoneSimulator.Deploy.0 = Release|Any CPU
		{0D693C09-6F25-47C4-A4CA-6990D1CF3D58}.Debug|Any CPU.ActiveCfg = Debug|iPhone
		{0D693C09-6F25-47C4-A4CA-6990D1CF3D58}.Debug|Any CPU.Build.0 = Debug|iPhone
		{0D693C09-6F25-47C4-A4CA-6990D1CF3D58}.Debug|Any CPU.Deploy.0 = Debug|iPhone
		{0D693C09-6F25-47C4-A4CA-6990D1CF3D58}.Debug|iPhone.ActiveCfg = Debug|iPhone
		{0D693C09-6F25-47C4-A4CA-6990D1CF3D58}.Debug|iPhone.Build.0 = Debug|iPhone
		{0D693C09-6F25-47C4-A4CA-6990D1CF3D58}.Debug|iPhone.Deploy.0 = Debug|iPhone
		{0D693C09-6F25-47C4-A4CA-6990D1CF3D58}.Debug|iPhoneSimulator.ActiveCfg = Debug|iPhoneSimulator
		{0D693C09-6F25-47C4-A4CA-6990D1CF3D58}.Debug|iPhoneSimulator.Build.0 = Debug|iPhoneSimulator
		{0D693C09-6F25-47C4-A4CA-6990D1CF3D58}.Debug|iPhoneSimulator.Deploy.0 = Debug|iPhoneSimulator
		{0D693C09-6F25-47C4-A4CA-6990D1CF3D58}.Release|Any CPU.ActiveCfg = Release|iPhoneSimulator
		{0D693C09-6F25-47C4-A4CA-6990D1CF3D58}.Release|Any CPU.Build.0 = Release|iPhoneSimulator
		{0D693C09-6F25-47C4-A4CA-6990D1CF3D58}.Release|Any CPU.Deploy.0 = Release|iPhoneSimulator
		{0D693C09-6F25-47C4-A4CA-6990D1CF3D58}.Release|iPhone.ActiveCfg = Release|iPhone
		{0D693C09-6F25-47C4-A4CA-6990D1CF3D58}.Release|iPhone.Build.0 = Release|iPhone
		{0D693C09-6F25-47C4-A4CA-6990D1CF3D58}.Release|iPhone.Deploy.0 = Release|iPhone
		{0D693C09-6F25-47C4-A4CA-6990D1CF3D58}.Release|iPhoneSimulator.ActiveCfg = Release|iPhoneSimulator
		{0D693C09-6F25-47C4-A4CA-6990D1CF3D58}.Release|iPhoneSimulator.Build.0 = Release|iPhoneSimulator
		{0D693C09-6F25-47C4-A4CA-6990D1CF3D58}.Release|iPhoneSimulator.Deploy.0 = Release|iPhoneSimulator
		{EB0670CA-6168-4512-9DA1-FBDA653FCA2C}.Debug|Any CPU.ActiveCfg = Debug|Any CPU
		{EB0670CA-6168-4512-9DA1-FBDA653FCA2C}.Debug|Any CPU.Build.0 = Debug|Any CPU
		{EB0670CA-6168-4512-9DA1-FBDA653FCA2C}.Debug|Any CPU.Deploy.0 = Debug|Any CPU
		{EB0670CA-6168-4512-9DA1-FBDA653FCA2C}.Debug|iPhone.ActiveCfg = Debug|Any CPU
		{EB0670CA-6168-4512-9DA1-FBDA653FCA2C}.Debug|iPhone.Build.0 = Debug|Any CPU
		{EB0670CA-6168-4512-9DA1-FBDA653FCA2C}.Debug|iPhone.Deploy.0 = Debug|Any CPU
		{EB0670CA-6168-4512-9DA1-FBDA653FCA2C}.Debug|iPhoneSimulator.ActiveCfg = Debug|Any CPU
		{EB0670CA-6168-4512-9DA1-FBDA653FCA2C}.Debug|iPhoneSimulator.Build.0 = Debug|Any CPU
		{EB0670CA-6168-4512-9DA1-FBDA653FCA2C}.Debug|iPhoneSimulator.Deploy.0 = Debug|Any CPU
		{EB0670CA-6168-4512-9DA1-FBDA653FCA2C}.Release|Any CPU.ActiveCfg = Release|Any CPU
		{EB0670CA-6168-4512-9DA1-FBDA653FCA2C}.Release|Any CPU.Build.0 = Release|Any CPU
		{EB0670CA-6168-4512-9DA1-FBDA653FCA2C}.Release|Any CPU.Deploy.0 = Release|Any CPU
		{EB0670CA-6168-4512-9DA1-FBDA653FCA2C}.Release|iPhone.ActiveCfg = Release|Any CPU
		{EB0670CA-6168-4512-9DA1-FBDA653FCA2C}.Release|iPhone.Build.0 = Release|Any CPU
		{EB0670CA-6168-4512-9DA1-FBDA653FCA2C}.Release|iPhone.Deploy.0 = Release|Any CPU
		{EB0670CA-6168-4512-9DA1-FBDA653FCA2C}.Release|iPhoneSimulator.ActiveCfg = Release|Any CPU
		{EB0670CA-6168-4512-9DA1-FBDA653FCA2C}.Release|iPhoneSimulator.Build.0 = Release|Any CPU
		{EB0670CA-6168-4512-9DA1-FBDA653FCA2C}.Release|iPhoneSimulator.Deploy.0 = Release|Any CPU
	EndGlobalSection
	GlobalSection(SolutionProperties) = preSolution
		HideSolutionNode = FALSE
	EndGlobalSection
	GlobalSection(ExtensibilityGlobals) = postSolution
		SolutionGuid = {882F8A03-FFB8-4E51-8921-BD24400A57C4}
	EndGlobalSection
EndGlobal
